
Microsoft Visual Studio Solution File, Format Version 12.00
# Visual Studio Version 17
VisualStudioVersion = 17.0.32126.317
MinimumVisualStudioVersion = 10.0.40219.1
Project("{FAE04EC0-301F-11D3-BF4B-00C04F79EFBC}") = "CRUD", "CRUD.csproj", "{D0C9FB4C-8351-4A47-8AF3-204B049FD0A6}"
EndProject
Global
	GlobalSection(SolutionConfigurationPlatforms) = preSolution
		Debug|Any CPU = Debug|Any CPU
		Release|Any CPU = Release|Any CPU
	EndGlobalSection
	GlobalSection(ProjectConfigurationPlatforms) = postSolution
		{D0C9FB4C-8351-4A47-8AF3-204B049FD0A6}.Debug|Any CPU.ActiveCfg = Debug|Any CPU
		{D0C9FB4C-8351-4A47-8AF3-204B049FD0A6}.Debug|Any CPU.Build.0 = Debug|Any CPU
		{D0C9FB4C-8351-4A47-8AF3-204B049FD0A6}.Release|Any CPU.ActiveCfg = Release|Any CPU
		{D0C9FB4C-8351-4A47-8AF3-204B049FD0A6}.Release|Any CPU.Build.0 = Release|Any CPU
	EndGlobalSection
	GlobalSection(SolutionProperties) = preSolution
		HideSolutionNode = FALSE
	EndGlobalSection
	GlobalSection(ExtensibilityGlobals) = postSolution
		SolutionGuid = {55CFC62C-3832-4C23-9799-66210521B46D}
	EndGlobalSection
EndGlobal
